%{"certifi": {:hex, :certifi, "0.4.0", "a7966efb868b179023618d29a407548f70c52466bf1849b9e8ebd0e34b7ea11f", [:rebar3], []},
  "combine": {:hex, :combine, "0.9.3", "192e609b48b3f2210494e26f85db1712657be1a8f15795656710317ea43fc449", [:mix], []},
  "gettext": {:hex, :gettext, "0.12.1", "c0624f52763469ef7a3674919ae28b8286d88195b90fa1516180f31bbbd26d14", [:mix], []},
  "hackney": {:hex, :hackney, "1.6.0", "8d1e9440c9edf23bf5e5e2fe0c71de03eb265103b72901337394c840eec679ac", [:rebar3], [{:certifi, "0.4.0", [hex: :certifi, optional: false]}, {:idna, "1.2.0", [hex: :idna, optional: false]}, {:metrics, "1.0.1", [hex: :metrics, optional: false]}, {:mimerl, "1.0.2", [hex: :mimerl, optional: false]}, {:ssl_verify_fun, "1.1.0", [hex: :ssl_verify_fun, optional: false]}]},
  "idna": {:hex, :idna, "1.2.0", "ac62ee99da068f43c50dc69acf700e03a62a348360126260e87f2b54eced86b2", [:rebar3], []},
  "metrics": {:hex, :metrics, "1.0.1", "25f094dea2cda98213cecc3aeff09e940299d950904393b2a29d191c346a8486", [:rebar3], []},
  "mimerl": {:hex, :mimerl, "1.0.2", "993f9b0e084083405ed8252b99460c4f0563e41729ab42d9074fd5e52439be88", [:rebar3], []},
  "nerves_ssdp_client": {:git, "https://github.com/nerves-project/nerves_ssdp_client", "f0ba3c47c7b4f3cc549dc1daa6fd4217ad0951bc", [tag: "v0.1.2"]},
  "nerves_ssdp_server": {:git, "https://github.com/nerves-project/nerves_ssdp_server", "20bbd6e355b73a45eaca852a7b614e3e29e45b45", [tag: "v0.2.0"]},
  "ssl_verify_fun": {:hex, :ssl_verify_fun, "1.1.0", "edee20847c42e379bf91261db474ffbe373f8acb56e9079acb6038d4e0bf414f", [:make, :rebar], []},
  "thermex": {:hex, :thermex, "0.0.2", "022d0a07ce16ad3015ed76d7f15251f9bb8e51c6ecede926602e5909d49eabed", [:mix], []},
  "timex": {:hex, :timex, "3.1.5", "413d6d8d6f0162a5d47080cb8ca520d790184ac43e097c95191c7563bf25b428", [:mix], [{:combine, "~> 0.7", [hex: :combine, optional: false]}, {:gettext, "~> 0.10", [hex: :gettext, optional: false]}, {:tzdata, "~> 0.1.8 or ~> 0.5", [hex: :tzdata, optional: false]}]},
  "tzdata": {:hex, :tzdata, "0.5.9", "575be217b039057a47e133b72838cbe104fb5329b19906ea4e66857001c37edb", [:mix], [{:hackney, "~> 1.0", [hex: :hackney, optional: false]}]}}
